github.com/starudream/wake-on-lan v1.3.4 h1:HUAfnptUlZ89YIYXNK+JNkNHfEI56OoYpjxROVskXOo=
github.com/starudream/wake-on-lan v1.3.4/go.mod h1:z12YlWVYm3yNWu7fmPGqcLyZl6O4H0qcHX2WaUBV714=
golang.zx2c4.com/irc v0.0.0-20211018023802-6d08d74c58ff h1:SxDqMvV5GQ0YrUGCOOJxEnjV+mEP0FTcD9AhyK8yQDk=
golang.zx2c4.com/irc v0.0.0-20211018023802-6d08d74c58ff/go.mod h1:dYOYwwLlPFLQ7C5+M6V39tdhXMiD2JEDXIpQiUgz+Do=
